// !$*UTF8*$!
{
	archiveVersion = 1;
	classes = {
	};
	objectVersion = 51;
	objects = {

/* Begin PBXBuildFile section */
		1E144DF02341CEC100255E39 /* StorageImageModal.swift in Sources */ = {isa = PBXBuildFile; fileRef = 1E144DEF2341CEC100255E39 /* StorageImageModal.swift */; };
		1E15CAF2232CC16200BF56D3 /* Service.swift in Sources */ = {isa = PBXBuildFile; fileRef = 1E15CAF1232CC16200BF56D3 /* Service.swift */; };
		1E2AC32A230BC1C800CF2373 /* SignUpVC.swift in Sources */ = {isa = PBXBuildFile; fileRef = 1E2AC329230BC1C800CF2373 /* SignUpVC.swift */; };
		1E573441230BF68F00CB4EF6 /* SignInVC.swift in Sources */ = {isa = PBXBuildFile; fileRef = 1E573440230BF68F00CB4EF6 /* SignInVC.swift */; };
		1E573444230C040400CB4EF6 /* EnterVerificationCodeVC.swift in Sources */ = {isa = PBXBuildFile; fileRef = 1E573443230C040400CB4EF6 /* EnterVerificationCodeVC.swift */; };
		1E573446230C07B900CB4EF6 /* ResetPasswordVC.swift in Sources */ = {isa = PBXBuildFile; fileRef = 1E573445230C07B900CB4EF6 /* ResetPasswordVC.swift */; };
		1E573449230C0F8D00CB4EF6 /* UploadID_StepFirstVC.swift in Sources */ = {isa = PBXBuildFile; fileRef = 1E573448230C0F8D00CB4EF6 /* UploadID_StepFirstVC.swift */; };
		1E57344B230C21F400CB4EF6 /* SpaceLocatedVC.swift in Sources */ = {isa = PBXBuildFile; fileRef = 1E57344A230C21F400CB4EF6 /* SpaceLocatedVC.swift */; };
		1E57344D230C538600CB4EF6 /* ListingCell.xib in Resources */ = {isa = PBXBuildFile; fileRef = 1E57344C230C538600CB4EF6 /* ListingCell.xib */; };
		1E7F926F2301C19C006E2CEF /* IQUITextFieldView+Additions.m in Sources */ = {isa = PBXBuildFile; fileRef = 1E7F92512301C199006E2CEF /* IQUITextFieldView+Additions.m */; };
		1E7F92702301C19C006E2CEF /* IQUIViewController+Additions.m in Sources */ = {isa = PBXBuildFile; fileRef = 1E7F92542301C199006E2CEF /* IQUIViewController+Additions.m */; };
		1E7F92712301C19C006E2CEF /* IQKeyboardReturnKeyHandler.m in Sources */ = {isa = PBXBuildFile; fileRef = 1E7F92562301C19A006E2CEF /* IQKeyboardReturnKeyHandler.m */; };
		1E7F92722301C19C006E2CEF /* IQTextView.m in Sources */ = {isa = PBXBuildFile; fileRef = 1E7F92582301C19A006E2CEF /* IQTextView.m */; };
		1E7F92732301C19C006E2CEF /* IQUIView+Hierarchy.m in Sources */ = {isa = PBXBuildFile; fileRef = 1E7F92592301C19A006E2CEF /* IQUIView+Hierarchy.m */; };
		1E7F92742301C19C006E2CEF /* IQSegmentedNextPrevious.m in Sources */ = {isa = PBXBuildFile; fileRef = 1E7F925B2301C19A006E2CEF /* IQSegmentedNextPrevious.m */; };
		1E7F92752301C19C006E2CEF /* IQUIView+IQKeyboardToolbar.m in Sources */ = {isa = PBXBuildFile; fileRef = 1E7F925D2301C19A006E2CEF /* IQUIView+IQKeyboardToolbar.m */; };
		1E7F92762301C19C006E2CEF /* IQToolbar.m in Sources */ = {isa = PBXBuildFile; fileRef = 1E7F925E2301C19A006E2CEF /* IQToolbar.m */; };
		1E7F92772301C19C006E2CEF /* IQTitleBarButtonItem.m in Sources */ = {isa = PBXBuildFile; fileRef = 1E7F92602301C19A006E2CEF /* IQTitleBarButtonItem.m */; };
		1E7F92782301C19C006E2CEF /* IQUIWindow+Hierarchy.m in Sources */ = {isa = PBXBuildFile; fileRef = 1E7F92642301C19B006E2CEF /* IQUIWindow+Hierarchy.m */; };
		1E7F92792301C19C006E2CEF /* IQKeyboardManager.bundle in Resources */ = {isa = PBXBuildFile; fileRef = 1E7F92672301C19B006E2CEF /* IQKeyboardManager.bundle */; };
		1E7F927A2301C19C006E2CEF /* IQKeyboardManager.m in Sources */ = {isa = PBXBuildFile; fileRef = 1E7F92692301C19B006E2CEF /* IQKeyboardManager.m */; };
		1E7F927B2301C19C006E2CEF /* IQNSArray+Sort.m in Sources */ = {isa = PBXBuildFile; fileRef = 1E7F926B2301C19C006E2CEF /* IQNSArray+Sort.m */; };
		1E7F927C2301C19C006E2CEF /* IQBarButtonItem.m in Sources */ = {isa = PBXBuildFile; fileRef = 1E7F926D2301C19C006E2CEF /* IQBarButtonItem.m */; };
		1E84DA2C233A1B51005FC68B /* LeftMenuViewController.swift in Sources */ = {isa = PBXBuildFile; fileRef = 1E84DA2B233A1B51005FC68B /* LeftMenuViewController.swift */; };
		1E84DA74233C899E005FC68B /* StorageImageVC.swift in Sources */ = {isa = PBXBuildFile; fileRef = 1E84DA73233C899E005FC68B /* StorageImageVC.swift */; };
		1E84DA76233C8A21005FC68B /* UploadImage.xib in Resources */ = {isa = PBXBuildFile; fileRef = 1E84DA75233C8A21005FC68B /* UploadImage.xib */; };
		1E84DA78233C9116005FC68B /* UploadImageCell.swift in Sources */ = {isa = PBXBuildFile; fileRef = 1E84DA77233C9116005FC68B /* UploadImageCell.swift */; };
		1E84DA7A233CB6DF005FC68B /* UploadImageModal.swift in Sources */ = {isa = PBXBuildFile; fileRef = 1E84DA79233CB6DF005FC68B /* UploadImageModal.swift */; };
		1E8AF9B9230C553800240F65 /* ListingTableViewCell.swift in Sources */ = {isa = PBXBuildFile; fileRef = 1E8AF9B8230C553800240F65 /* ListingTableViewCell.swift */; };
		1E8AF9BB230C559600240F65 /* DescribeListingVC.swift in Sources */ = {isa = PBXBuildFile; fileRef = 1E8AF9BA230C559600240F65 /* DescribeListingVC.swift */; };
		1E8AF9BD230D12A800240F65 /* ListingModal.swift in Sources */ = {isa = PBXBuildFile; fileRef = 1E8AF9BC230D12A800240F65 /* ListingModal.swift */; };
		1E8AF9BF230D277800240F65 /* SelectSpaceDimensionVC.swift in Sources */ = {isa = PBXBuildFile; fileRef = 1E8AF9BE230D277800240F65 /* SelectSpaceDimensionVC.swift */; };
		1E8AF9C1230D279C00240F65 /* SpaceNameVC.swift in Sources */ = {isa = PBXBuildFile; fileRef = 1E8AF9C0230D279C00240F65 /* SpaceNameVC.swift */; };
		1E8AF9C3230D281100240F65 /* DescriptionVC.swift in Sources */ = {isa = PBXBuildFile; fileRef = 1E8AF9C2230D281100240F65 /* DescriptionVC.swift */; };
		1E8AF9C5230D51D400240F65 /* Localizable.strings in Resources */ = {isa = PBXBuildFile; fileRef = 1E8AF9C4230D51D400240F65 /* Localizable.strings */; };
		1E9EB0C32318F95E003E6F80 /* StorageChargeVC.swift in Sources */ = {isa = PBXBuildFile; fileRef = 1E9EB0C22318F95E003E6F80 /* StorageChargeVC.swift */; };
		1E9EB0C823190151003E6F80 /* TabBarVC.swift in Sources */ = {isa = PBXBuildFile; fileRef = 1E9EB0C723190151003E6F80 /* TabBarVC.swift */; };
		1EA698D32313E9EC00C50AE7 /* UserDataModal.swift in Sources */ = {isa = PBXBuildFile; fileRef = 1EA698D22313E9EC00C50AE7 /* UserDataModal.swift */; };
		1EA698D52313ED1D00C50AE7 /* Location.swift in Sources */ = {isa = PBXBuildFile; fileRef = 1EA698D42313ED1D00C50AE7 /* Location.swift */; };
		1EA698D72314076F00C50AE7 /* StorageListModal.swift in Sources */ = {isa = PBXBuildFile; fileRef = 1EA698D62314076F00C50AE7 /* StorageListModal.swift */; };
		1EA698D9231409D600C50AE7 /* AddressModal.swift in Sources */ = {isa = PBXBuildFile; fileRef = 1EA698D8231409D600C50AE7 /* AddressModal.swift */; };
		1EA69926231667CF00C50AE7 /* ImagePicker.swift in Sources */ = {isa = PBXBuildFile; fileRef = 1EA69925231667CF00C50AE7 /* ImagePicker.swift */; };
		1EA6992823169C1E00C50AE7 /* AddStorageModal.swift in Sources */ = {isa = PBXBuildFile; fileRef = 1EA6992723169C1E00C50AE7 /* AddStorageModal.swift */; };
		1EA6992A2317BB1300C50AE7 /* FeaturesVC.swift in Sources */ = {isa = PBXBuildFile; fileRef = 1EA699292317BB1300C50AE7 /* FeaturesVC.swift */; };
		1EA6992C2317F52B00C50AE7 /* DiscountVC.swift in Sources */ = {isa = PBXBuildFile; fileRef = 1EA6992B2317F52B00C50AE7 /* DiscountVC.swift */; };
		1EB0A7F7232A584E00F8E29B /* Main.storyboard in Resources */ = {isa = PBXBuildFile; fileRef = 1EB0A7F6232A584E00F8E29B /* Main.storyboard */; };
		1EB80EC323012E1700D0FCB4 /* AppDelegate.swift in Sources */ = {isa = PBXBuildFile; fileRef = 1EB80EC223012E1700D0FCB4 /* AppDelegate.swift */; };
		1EB80EC523012E1700D0FCB4 /* ViewController.swift in Sources */ = {isa = PBXBuildFile; fileRef = 1EB80EC423012E1700D0FCB4 /* ViewController.swift */; };
		1EB80ECA23012E1800D0FCB4 /* Assets.xcassets in Resources */ = {isa = PBXBuildFile; fileRef = 1EB80EC923012E1800D0FCB4 /* Assets.xcassets */; };
		1EB80ECD23012E1800D0FCB4 /* LaunchScreen.storyboard in Resources */ = {isa = PBXBuildFile; fileRef = 1EB80ECB23012E1800D0FCB4 /* LaunchScreen.storyboard */; };
		1EB80EDB2301347E00D0FCB4 /* Extension.swift in Sources */ = {isa = PBXBuildFile; fileRef = 1EB80EDA2301347E00D0FCB4 /* Extension.swift */; };
		1EB80EDD2301351200D0FCB4 /* Constants.swift in Sources */ = {isa = PBXBuildFile; fileRef = 1EB80EDC2301351200D0FCB4 /* Constants.swift */; };
		1EB80EDF23013B6200D0FCB4 /* Webservice.swift in Sources */ = {isa = PBXBuildFile; fileRef = 1EB80EDE23013B6200D0FCB4 /* Webservice.swift */; };
		1EB80EE123013BDE00D0FCB4 /* Singelton.swift in Sources */ = {isa = PBXBuildFile; fileRef = 1EB80EE023013BDE00D0FCB4 /* Singelton.swift */; };
		1EB80EE623013CE000D0FCB4 /* Rechablity.swift in Sources */ = {isa = PBXBuildFile; fileRef = 1EB80EE523013CE000D0FCB4 /* Rechablity.swift */; };
		1EB80EE823013DEB00D0FCB4 /* Validation.swift in Sources */ = {isa = PBXBuildFile; fileRef = 1EB80EE723013DEB00D0FCB4 /* Validation.swift */; };
		1EB80EEA23013E1C00D0FCB4 /* Indicator.swift in Sources */ = {isa = PBXBuildFile; fileRef = 1EB80EE923013E1C00D0FCB4 /* Indicator.swift */; };
		1EB80EF12301416900D0FCB4 /* UITextField+fixCaretPosition.swift in Sources */ = {isa = PBXBuildFile; fileRef = 1EB80EEE2301416900D0FCB4 /* UITextField+fixCaretPosition.swift */; };
		1EB80EF22301416900D0FCB4 /* SkyFloatingLabelTextFieldWithIcon.swift in Sources */ = {isa = PBXBuildFile; fileRef = 1EB80EEF2301416900D0FCB4 /* SkyFloatingLabelTextFieldWithIcon.swift */; };
		1EB80EF32301416900D0FCB4 /* SkyFloatingLabelTextField.swift in Sources */ = {isa = PBXBuildFile; fileRef = 1EB80EF02301416900D0FCB4 /* SkyFloatingLabelTextField.swift */; };
		1EB80EFC2301479B00D0FCB4 /* ProximaNova-Bold.ttf in Resources */ = {isa = PBXBuildFile; fileRef = 1EB80EF52301479B00D0FCB4 /* ProximaNova-Bold.ttf */; };
		1EB80EFD2301479B00D0FCB4 /* ProximaNova-Extrabld.ttf in Resources */ = {isa = PBXBuildFile; fileRef = 1EB80EF62301479B00D0FCB4 /* ProximaNova-Extrabld.ttf */; };
		1EB80EFE2301479B00D0FCB4 /* ProximaNova-Black.ttf in Resources */ = {isa = PBXBuildFile; fileRef = 1EB80EF72301479B00D0FCB4 /* ProximaNova-Black.ttf */; };
		1EB80EFF2301479B00D0FCB4 /* ProximaNova-Light.ttf in Resources */ = {isa = PBXBuildFile; fileRef = 1EB80EF82301479B00D0FCB4 /* ProximaNova-Light.ttf */; };
		1EB80F002301479B00D0FCB4 /* ProximaNovaT-Thin.ttf in Resources */ = {isa = PBXBuildFile; fileRef = 1EB80EF92301479B00D0FCB4 /* ProximaNovaT-Thin.ttf */; };
		1EB80F012301479B00D0FCB4 /* ProximaNova-Regular.ttf in Resources */ = {isa = PBXBuildFile; fileRef = 1EB80EFA2301479B00D0FCB4 /* ProximaNova-Regular.ttf */; };
		1EB80F022301479B00D0FCB4 /* ProximaNova-Semibold.ttf in Resources */ = {isa = PBXBuildFile; fileRef = 1EB80EFB2301479B00D0FCB4 /* ProximaNova-Semibold.ttf */; };
		1EB80F042301574700D0FCB4 /* LoginVC.swift in Sources */ = {isa = PBXBuildFile; fileRef = 1EB80F032301574700D0FCB4 /* LoginVC.swift */; };
		1ECA47A9230FC6C200FC939D /* HostListOnMapVC.swift in Sources */ = {isa = PBXBuildFile; fileRef = 1ECA47A8230FC6C200FC939D /* HostListOnMapVC.swift */; };
		1ECA47AB230FC70400FC939D /* HostListCell.xib in Resources */ = {isa = PBXBuildFile; fileRef = 1ECA47AA230FC70400FC939D /* HostListCell.xib */; };
		1ECA47AD230FC71C00FC939D /* HostListTableViewCell.swift in Sources */ = {isa = PBXBuildFile; fileRef = 1ECA47AC230FC71C00FC939D /* HostListTableViewCell.swift */; };
		855B03BE2FA3D10F3EC031DD /* Pods_BundleApp.framework in Frameworks */ = {isa = PBXBuildFile; fileRef = 2A79906944A721D11DFE6174 /* Pods_BundleApp.framework */; };
		9B12C6D9231695EF00A41366 /* TGFlingActionButton.swift in Sources */ = {isa = PBXBuildFile; fileRef = 9B12C6D8231695EF00A41366 /* TGFlingActionButton.swift */; };
		9B7E1679231543FC00DA055C /* DetailViewController.swift in Sources */ = {isa = PBXBuildFile; fileRef = 9B7E1678231543FC00DA055C /* DetailViewController.swift */; };
		9BFD006623164351006D5C97 /* NWSImageToken.xib in Resources */ = {isa = PBXBuildFile; fileRef = 9BFD006523164351006D5C97 /* NWSImageToken.xib */; };
		9BFD006823164365006D5C97 /* NWSImageToken.swift in Sources */ = {isa = PBXBuildFile; fileRef = 9BFD006723164365006D5C97 /* NWSImageToken.swift */; };
		F904BC2E231E6BDB00D0030C /* ProfileViewController.swift in Sources */ = {isa = PBXBuildFile; fileRef = F904BC2D231E6BDB00D0030C /* ProfileViewController.swift */; };
		F90BD15B231F982A00916512 /* MyQRViewController.swift in Sources */ = {isa = PBXBuildFile; fileRef = F90BD15A231F982A00916512 /* MyQRViewController.swift */; };
		F90BD15F231FBDA100916512 /* UserFeedbackController.swift in Sources */ = {isa = PBXBuildFile; fileRef = F90BD15E231FBDA100916512 /* UserFeedbackController.swift */; };
		F90BD161231FC71F00916512 /* ScanQRController.swift in Sources */ = {isa = PBXBuildFile; fileRef = F90BD160231FC71F00916512 /* ScanQRController.swift */; };
		F90BD164231FD9BB00916512 /* SingleListingViewController.swift in Sources */ = {isa = PBXBuildFile; fileRef = F90BD163231FD9BB00916512 /* SingleListingViewController.swift */; };
		F90BD167231FDEC000916512 /* PaymentStatusController.swift in Sources */ = {isa = PBXBuildFile; fileRef = F90BD166231FDEC000916512 /* PaymentStatusController.swift */; };
		F9215AE0232275850053385B /* RegularBooking_VC.swift in Sources */ = {isa = PBXBuildFile; fileRef = F9215ADF232275850053385B /* RegularBooking_VC.swift */; };
		F9215AE323228A530053385B /* ImageCollectionViewCell.swift in Sources */ = {isa = PBXBuildFile; fileRef = F9215AE123228A530053385B /* ImageCollectionViewCell.swift */; };
		F9215AE423228A530053385B /* ImageCollectionViewCell.xib in Resources */ = {isa = PBXBuildFile; fileRef = F9215AE223228A530053385B /* ImageCollectionViewCell.xib */; };
		F9215AE7232292300053385B /* AddImageCollectionViewCell.swift in Sources */ = {isa = PBXBuildFile; fileRef = F9215AE5232292300053385B /* AddImageCollectionViewCell.swift */; };
		F9215AE8232292300053385B /* AddImageCollectionViewCell.xib in Resources */ = {isa = PBXBuildFile; fileRef = F9215AE6232292300053385B /* AddImageCollectionViewCell.xib */; };
		F98C015A232A14DB00B89FB1 /* SingleItemRequest_VC.swift in Sources */ = {isa = PBXBuildFile; fileRef = F98C0159232A14DB00B89FB1 /* SingleItemRequest_VC.swift */; };
		F98C015D232A1A7800B89FB1 /* PickSingleItemCell.swift in Sources */ = {isa = PBXBuildFile; fileRef = F98C015B232A1A7800B89FB1 /* PickSingleItemCell.swift */; };
		F98C015E232A1A7800B89FB1 /* PickSingleItemCell.xib in Resources */ = {isa = PBXBuildFile; fileRef = F98C015C232A1A7800B89FB1 /* PickSingleItemCell.xib */; };
		F9C2E54B231E7F3B0087AF35 /* StatusViewCell.swift in Sources */ = {isa = PBXBuildFile; fileRef = F9C2E549231E7F3B0087AF35 /* StatusViewCell.swift */; };
		F9C2E54C231E7F3B0087AF35 /* StatusViewCell.xib in Resources */ = {isa = PBXBuildFile; fileRef = F9C2E54A231E7F3B0087AF35 /* StatusViewCell.xib */; };
		F9C86F1C23194A11006B6E90 /* LynnBubbleViewHeaderCell.swift in Sources */ = {isa = PBXBuildFile; fileRef = F9C86F1023194A11006B6E90 /* LynnBubbleViewHeaderCell.swift */; };
		F9C86F1D23194A11006B6E90 /* MyBubbleViewCell.swift in Sources */ = {isa = PBXBuildFile; fileRef = F9C86F1123194A11006B6E90 /* MyBubbleViewCell.swift */; };
		F9C86F1E23194A11006B6E90 /* Someone'sBubbleViewCell.swift in Sources */ = {isa = PBXBuildFile; fileRef = F9C86F1223194A11006B6E90 /* Someone'sBubbleViewCell.swift */; };
		F9C86F1F23194A11006B6E90 /* LynnBubbleData.swift in Sources */ = {isa = PBXBuildFile; fileRef = F9C86F1323194A11006B6E90 /* LynnBubbleData.swift */; };
		F9C86F2023194A11006B6E90 /* Someone'sBubbleViewCell.xib in Resources */ = {isa = PBXBuildFile; fileRef = F9C86F1423194A11006B6E90 /* Someone'sBubbleViewCell.xib */; };
		F9C86F2323194A11006B6E90 /* LynnBubbleViewHeaderCell.xib in Resources */ = {isa = PBXBuildFile; fileRef = F9C86F1723194A11006B6E90 /* LynnBubbleViewHeaderCell.xib */; };
		F9C86F2423194A11006B6E90 /* MyBubbleViewCell.xib in Resources */ = {isa = PBXBuildFile; fileRef = F9C86F1823194A11006B6E90 /* MyBubbleViewCell.xib */; };
		F9C86F2523194A11006B6E90 /* LynnBubbleTableView.swift in Sources */ = {isa = PBXBuildFile; fileRef = F9C86F1923194A11006B6E90 /* LynnBubbleTableView.swift */; };
		F9C86F2A23194A86006B6E90 /* ChatViewController.swift in Sources */ = {isa = PBXBuildFile; fileRef = F9C86F2923194A86006B6E90 /* ChatViewController.swift */; };
		F9EBCD37231D41DF003CC022 /* Request_MessageVC.swift in Sources */ = {isa = PBXBuildFile; fileRef = F9EBCD36231D41DF003CC022 /* Request_MessageVC.swift */; };
		F9EBCD3A231D4319003CC022 /* MessageViewCell.swift in Sources */ = {isa = PBXBuildFile; fileRef = F9EBCD38231D4319003CC022 /* MessageViewCell.swift */; };
		F9EBCD3B231D4319003CC022 /* MessageViewCell.xib in Resources */ = {isa = PBXBuildFile; fileRef = F9EBCD39231D4319003CC022 /* MessageViewCell.xib */; };
		F9EBCD3E231D4329003CC022 /* RequestViewCell.swift in Sources */ = {isa = PBXBuildFile; fileRef = F9EBCD3C231D4329003CC022 /* RequestViewCell.swift */; };
		F9EBCD3F231D4329003CC022 /* RequestViewCell.xib in Resources */ = {isa = PBXBuildFile; fileRef = F9EBCD3D231D4329003CC022 /* RequestViewCell.xib */; };
		F9F3E0E22327CBCC00BBF871 /* PaymentViewController.swift in Sources */ = {isa = PBXBuildFile; fileRef = F9F3E0E12327CBCC00BBF871 /* PaymentViewController.swift */; };
		F9F3E0E42327CC1000BBF871 /* DiscountPopUpController.swift in Sources */ = {isa = PBXBuildFile; fileRef = F9F3E0E32327CC1000BBF871 /* DiscountPopUpController.swift */; };
		F9F8C3D82329101E001130E3 /* PaymentDetailController.swift in Sources */ = {isa = PBXBuildFile; fileRef = F9F8C3D72329101E001130E3 /* PaymentDetailController.swift */; };
/* End PBXBuildFile section */

/* Begin PBXFileReference section */
		121761E2CB17089D10EF81AB /* Pods-BundleApp.release.xcconfig */ = {isa = PBXFileReference; includeInIndex = 1; lastKnownFileType = text.xcconfig; name = "Pods-BundleApp.release.xcconfig"; path = "Target Support Files/Pods-BundleApp/Pods-BundleApp.release.xcconfig"; sourceTree = "<group>"; };
		1E144DEF2341CEC100255E39 /* StorageImageModal.swift */ = {isa = PBXFileReference; lastKnownFileType = sourcecode.swift; path = StorageImageModal.swift; sourceTree = "<group>"; };
		1E15CAF1232CC16200BF56D3 /* Service.swift */ = {isa = PBXFileReference; fileEncoding = 4; lastKnownFileType = sourcecode.swift; path = Service.swift; sourceTree = "<group>"; };
		1E2AC329230BC1C800CF2373 /* SignUpVC.swift */ = {isa = PBXFileReference; lastKnownFileType = sourcecode.swift; path = SignUpVC.swift; sourceTree = "<group>"; };
		1E573440230BF68F00CB4EF6 /* SignInVC.swift */ = {isa = PBXFileReference; lastKnownFileType = sourcecode.swift; path = SignInVC.swift; sourceTree = "<group>"; };
		1E573443230C040400CB4EF6 /* EnterVerificationCodeVC.swift */ = {isa = PBXFileReference; lastKnownFileType = sourcecode.swift; path = EnterVerificationCodeVC.swift; sourceTree = "<group>"; };
		1E573445230C07B900CB4EF6 /* ResetPasswordVC.swift */ = {isa = PBXFileReference; lastKnownFileType = sourcecode.swift; path = ResetPasswordVC.swift; sourceTree = "<group>"; };
		1E573448230C0F8D00CB4EF6 /* UploadID_StepFirstVC.swift */ = {isa = PBXFileReference; lastKnownFileType = sourcecode.swift; path = UploadID_StepFirstVC.swift; sourceTree = "<group>"; };
		1E57344A230C21F400CB4EF6 /* SpaceLocatedVC.swift */ = {isa = PBXFileReference; lastKnownFileType = sourcecode.swift; path = SpaceLocatedVC.swift; sourceTree = "<group>"; };
		1E57344C230C538600CB4EF6 /* ListingCell.xib */ = {isa = PBXFileReference; lastKnownFileType = file.xib; path = ListingCell.xib; sourceTree = "<group>"; };
		1E7F92502301C198006E2CEF /* BundleApp-Bridging-Header.h */ = {isa = PBXFileReference; lastKnownFileType = sourcecode.c.h; path = "BundleApp-Bridging-Header.h"; sourceTree = "<group>"; };
		1E7F92512301C199006E2CEF /* IQUITextFieldView+Additions.m */ = {isa = PBXFileReference; fileEncoding = 4; lastKnownFileType = sourcecode.c.objc; path = "IQUITextFieldView+Additions.m"; sourceTree = "<group>"; };
		1E7F92522301C199006E2CEF /* IQBarButtonItem.h */ = {isa = PBXFileReference; fileEncoding = 4; lastKnownFileType = sourcecode.c.h; path = IQBarButtonItem.h; sourceTree = "<group>"; };
		1E7F92532301C199006E2CEF /* IQToolbar.h */ = {isa = PBXFileReference; fileEncoding = 4; lastKnownFileType = sourcecode.c.h; path = IQToolbar.h; sourceTree = "<group>"; };
		1E7F92542301C199006E2CEF /* IQUIViewController+Additions.m */ = {isa = PBXFileReference; fileEncoding = 4; lastKnownFileType = sourcecode.c.objc; path = "IQUIViewController+Additions.m"; sourceTree = "<group>"; };
		1E7F92552301C19A006E2CEF /* IQUIWindow+Hierarchy.h */ = {isa = PBXFileReference; fileEncoding = 4; lastKnownFileType = sourcecode.c.h; path = "IQUIWindow+Hierarchy.h"; sourceTree = "<group>"; };
		1E7F92562301C19A006E2CEF /* IQKeyboardReturnKeyHandler.m */ = {isa = PBXFileReference; fileEncoding = 4; lastKnownFileType = sourcecode.c.objc; path = IQKeyboardReturnKeyHandler.m; sourceTree = "<group>"; };
		1E7F92572301C19A006E2CEF /* IQUITextFieldView+Additions.h */ = {isa = PBXFileReference; fileEncoding = 4; lastKnownFileType = sourcecode.c.h; path = "IQUITextFieldView+Additions.h"; sourceTree = "<group>"; };
		1E7F92582301C19A006E2CEF /* IQTextView.m */ = {isa = PBXFileReference; fileEncoding = 4; lastKnownFileType = sourcecode.c.objc; path = IQTextView.m; sourceTree = "<group>"; };
		1E7F92592301C19A006E2CEF /* IQUIView+Hierarchy.m */ = {isa = PBXFileReference; fileEncoding = 4; lastKnownFileType = sourcecode.c.objc; path = "IQUIView+Hierarchy.m"; sourceTree = "<group>"; };
		1E7F925A2301C19A006E2CEF /* IQSegmentedNextPrevious.h */ = {isa = PBXFileReference; fileEncoding = 4; lastKnownFileType = sourcecode.c.h; path = IQSegmentedNextPrevious.h; sourceTree = "<group>"; };
		1E7F925B2301C19A006E2CEF /* IQSegmentedNextPrevious.m */ = {isa = PBXFileReference; fileEncoding = 4; lastKnownFileType = sourcecode.c.objc; path = IQSegmentedNextPrevious.m; sourceTree = "<group>"; };
		1E7F925C2301C19A006E2CEF /* IQKeyboardManager.h */ = {isa = PBXFileReference; fileEncoding = 4; lastKnownFileType = sourcecode.c.h; path = IQKeyboardManager.h; sourceTree = "<group>"; };
		1E7F925D2301C19A006E2CEF /* IQUIView+IQKeyboardToolbar.m */ = {isa = PBXFileReference; fileEncoding = 4; lastKnownFileType = sourcecode.c.objc; path = "IQUIView+IQKeyboardToolbar.m"; sourceTree = "<group>"; };
		1E7F925E2301C19A006E2CEF /* IQToolbar.m */ = {isa = PBXFileReference; fileEncoding = 4; lastKnownFileType = sourcecode.c.objc; path = IQToolbar.m; sourceTree = "<group>"; };
		1E7F925F2301C19A006E2CEF /* IQUIView+IQKeyboardToolbar.h */ = {isa = PBXFileReference; fileEncoding = 4; lastKnownFileType = sourcecode.c.h; path = "IQUIView+IQKeyboardToolbar.h"; sourceTree = "<group>"; };
		1E7F92602301C19A006E2CEF /* IQTitleBarButtonItem.m */ = {isa = PBXFileReference; fileEncoding = 4; lastKnownFileType = sourcecode.c.objc; path = IQTitleBarButtonItem.m; sourceTree = "<group>"; };
		1E7F92612301C19A006E2CEF /* IQUIView+Hierarchy.h */ = {isa = PBXFileReference; fileEncoding = 4; lastKnownFileType = sourcecode.c.h; path = "IQUIView+Hierarchy.h"; sourceTree = "<group>"; };
		1E7F92622301C19A006E2CEF /* IQKeyboardReturnKeyHandler.h */ = {isa = PBXFileReference; fileEncoding = 4; lastKnownFileType = sourcecode.c.h; path = IQKeyboardReturnKeyHandler.h; sourceTree = "<group>"; };
		1E7F92632301C19B006E2CEF /* IQTextView.h */ = {isa = PBXFileReference; fileEncoding = 4; lastKnownFileType = sourcecode.c.h; path = IQTextView.h; sourceTree = "<group>"; };
		1E7F92642301C19B006E2CEF /* IQUIWindow+Hierarchy.m */ = {isa = PBXFileReference; fileEncoding = 4; lastKnownFileType = sourcecode.c.objc; path = "IQUIWindow+Hierarchy.m"; sourceTree = "<group>"; };
		1E7F92652301C19B006E2CEF /* IQKeyboardManagerConstants.h */ = {isa = PBXFileReference; fileEncoding = 4; lastKnownFileType = sourcecode.c.h; path = IQKeyboardManagerConstants.h; sourceTree = "<group>"; };
		1E7F92662301C19B006E2CEF /* KeyboardManager.h */ = {isa = PBXFileReference; fileEncoding = 4; lastKnownFileType = sourcecode.c.h; path = KeyboardManager.h; sourceTree = "<group>"; };
		1E7F92672301C19B006E2CEF /* IQKeyboardManager.bundle */ = {isa = PBXFileReference; lastKnownFileType = "wrapper.plug-in"; path = IQKeyboardManager.bundle; sourceTree = "<group>"; };
		1E7F92682301C19B006E2CEF /* IQNSArray+Sort.h */ = {isa = PBXFileReference; fileEncoding = 4; lastKnownFileType = sourcecode.c.h; path = "IQNSArray+Sort.h"; sourceTree = "<group>"; };
		1E7F92692301C19B006E2CEF /* IQKeyboardManager.m */ = {isa = PBXFileReference; fileEncoding = 4; lastKnownFileType = sourcecode.c.objc; path = IQKeyboardManager.m; sourceTree = "<group>"; };
		1E7F926A2301C19B006E2CEF /* IQKeyboardManagerConstantsInternal.h */ = {isa = PBXFileReference; fileEncoding = 4; lastKnownFileType = sourcecode.c.h; path = IQKeyboardManagerConstantsInternal.h; sourceTree = "<group>"; };
		1E7F926B2301C19C006E2CEF /* IQNSArray+Sort.m */ = {isa = PBXFileReference; fileEncoding = 4; lastKnownFileType = sourcecode.c.objc; path = "IQNSArray+Sort.m"; sourceTree = "<group>"; };
		1E7F926C2301C19C006E2CEF /* IQTitleBarButtonItem.h */ = {isa = PBXFileReference; fileEncoding = 4; lastKnownFileType = sourcecode.c.h; path = IQTitleBarButtonItem.h; sourceTree = "<group>"; };
		1E7F926D2301C19C006E2CEF /* IQBarButtonItem.m */ = {isa = PBXFileReference; fileEncoding = 4; lastKnownFileType = sourcecode.c.objc; path = IQBarButtonItem.m; sourceTree = "<group>"; };
		1E7F926E2301C19C006E2CEF /* IQUIViewController+Additions.h */ = {isa = PBXFileReference; fileEncoding = 4; lastKnownFileType = sourcecode.c.h; path = "IQUIViewController+Additions.h"; sourceTree = "<group>"; };
		1E84DA2B233A1B51005FC68B /* LeftMenuViewController.swift */ = {isa = PBXFileReference; lastKnownFileType = sourcecode.swift; path = LeftMenuViewController.swift; sourceTree = "<group>"; };
		1E84DA73233C899E005FC68B /* StorageImageVC.swift */ = {isa = PBXFileReference; lastKnownFileType = sourcecode.swift; path = StorageImageVC.swift; sourceTree = "<group>"; };
		1E84DA75233C8A21005FC68B /* UploadImage.xib */ = {isa = PBXFileReference; lastKnownFileType = file.xib; path = UploadImage.xib; sourceTree = "<group>"; };
		1E84DA77233C9116005FC68B /* UploadImageCell.swift */ = {isa = PBXFileReference; lastKnownFileType = sourcecode.swift; path = UploadImageCell.swift; sourceTree = "<group>"; };
		1E84DA79233CB6DF005FC68B /* UploadImageModal.swift */ = {isa = PBXFileReference; lastKnownFileType = sourcecode.swift; path = UploadImageModal.swift; sourceTree = "<group>"; };
		1E8AF9B8230C553800240F65 /* ListingTableViewCell.swift */ = {isa = PBXFileReference; lastKnownFileType = sourcecode.swift; path = ListingTableViewCell.swift; sourceTree = "<group>"; };
		1E8AF9BA230C559600240F65 /* DescribeListingVC.swift */ = {isa = PBXFileReference; lastKnownFileType = sourcecode.swift; path = DescribeListingVC.swift; sourceTree = "<group>"; };
		1E8AF9BC230D12A800240F65 /* ListingModal.swift */ = {isa = PBXFileReference; lastKnownFileType = sourcecode.swift; path = ListingModal.swift; sourceTree = "<group>"; };
		1E8AF9BE230D277800240F65 /* SelectSpaceDimensionVC.swift */ = {isa = PBXFileReference; lastKnownFileType = sourcecode.swift; path = SelectSpaceDimensionVC.swift; sourceTree = "<group>"; };
		1E8AF9C0230D279C00240F65 /* SpaceNameVC.swift */ = {isa = PBXFileReference; lastKnownFileType = sourcecode.swift; path = SpaceNameVC.swift; sourceTree = "<group>"; };
		1E8AF9C2230D281100240F65 /* DescriptionVC.swift */ = {isa = PBXFileReference; lastKnownFileType = sourcecode.swift; path = DescriptionVC.swift; sourceTree = "<group>"; };
		1E8AF9C4230D51D400240F65 /* Localizable.strings */ = {isa = PBXFileReference; lastKnownFileType = text.plist.strings; path = Localizable.strings; sourceTree = "<group>"; };
		1E9EB0C22318F95E003E6F80 /* StorageChargeVC.swift */ = {isa = PBXFileReference; lastKnownFileType = sourcecode.swift; path = StorageChargeVC.swift; sourceTree = "<group>"; };
		1E9EB0C723190151003E6F80 /* TabBarVC.swift */ = {isa = PBXFileReference; lastKnownFileType = sourcecode.swift; path = TabBarVC.swift; sourceTree = "<group>"; };
		1EA698D22313E9EC00C50AE7 /* UserDataModal.swift */ = {isa = PBXFileReference; lastKnownFileType = sourcecode.swift; path = UserDataModal.swift; sourceTree = "<group>"; };
		1EA698D42313ED1D00C50AE7 /* Location.swift */ = {isa = PBXFileReference; lastKnownFileType = sourcecode.swift; path = Location.swift; sourceTree = "<group>"; };
		1EA698D62314076F00C50AE7 /* StorageListModal.swift */ = {isa = PBXFileReference; lastKnownFileType = sourcecode.swift; path = StorageListModal.swift; sourceTree = "<group>"; };
		1EA698D8231409D600C50AE7 /* AddressModal.swift */ = {isa = PBXFileReference; lastKnownFileType = sourcecode.swift; path = AddressModal.swift; sourceTree = "<group>"; };
		1EA69925231667CF00C50AE7 /* ImagePicker.swift */ = {isa = PBXFileReference; fileEncoding = 4; lastKnownFileType = sourcecode.swift; path = ImagePicker.swift; sourceTree = "<group>"; };
		1EA6992723169C1E00C50AE7 /* AddStorageModal.swift */ = {isa = PBXFileReference; lastKnownFileType = sourcecode.swift; path = AddStorageModal.swift; sourceTree = "<group>"; };
		1EA699292317BB1300C50AE7 /* FeaturesVC.swift */ = {isa = PBXFileReference; lastKnownFileType = sourcecode.swift; path = FeaturesVC.swift; sourceTree = "<group>"; };
		1EA6992B2317F52B00C50AE7 /* DiscountVC.swift */ = {isa = PBXFileReference; lastKnownFileType = sourcecode.swift; path = DiscountVC.swift; sourceTree = "<group>"; };
		1EB0A7F6232A584E00F8E29B /* Main.storyboard */ = {isa = PBXFileReference; lastKnownFileType = file.storyboard; path = Main.storyboard; sourceTree = "<group>"; };
		1EB80EBF23012E1700D0FCB4 /* BundleApp.app */ = {isa = PBXFileReference; explicitFileType = wrapper.application; includeInIndex = 0; path = BundleApp.app; sourceTree = BUILT_PRODUCTS_DIR; };
		1EB80EC223012E1700D0FCB4 /* AppDelegate.swift */ = {isa = PBXFileReference; lastKnownFileType = sourcecode.swift; path = AppDelegate.swift; sourceTree = "<group>"; };
		1EB80EC423012E1700D0FCB4 /* ViewController.swift */ = {isa = PBXFileReference; lastKnownFileType = sourcecode.swift; path = ViewController.swift; sourceTree = "<group>"; };
		1EB80EC923012E1800D0FCB4 /* Assets.xcassets */ = {isa = PBXFileReference; lastKnownFileType = folder.assetcatalog; name = Assets.xcassets; path = Library/Assets.xcassets; sourceTree = "<group>"; };
		1EB80ECC23012E1800D0FCB4 /* Base */ = {isa = PBXFileReference; lastKnownFileType = file.storyboard; name = Base; path = Base.lproj/LaunchScreen.storyboard; sourceTree = "<group>"; };
		1EB80ECE23012E1800D0FCB4 /* Info.plist */ = {isa = PBXFileReference; lastKnownFileType = text.plist.xml; path = Info.plist; sourceTree = "<group>"; };
		1EB80EDA2301347E00D0FCB4 /* Extension.swift */ = {isa = PBXFileReference; lastKnownFileType = sourcecode.swift; path = Extension.swift; sourceTree = "<group>"; };
		1EB80EDC2301351200D0FCB4 /* Constants.swift */ = {isa = PBXFileReference; lastKnownFileType = sourcecode.swift; path = Constants.swift; sourceTree = "<group>"; };
		1EB80EDE23013B6200D0FCB4 /* Webservice.swift */ = {isa = PBXFileReference; lastKnownFileType = sourcecode.swift; path = Webservice.swift; sourceTree = "<group>"; };
		1EB80EE023013BDE00D0FCB4 /* Singelton.swift */ = {isa = PBXFileReference; lastKnownFileType = sourcecode.swift; path = Singelton.swift; sourceTree = "<group>"; };
		1EB80EE523013CE000D0FCB4 /* Rechablity.swift */ = {isa = PBXFileReference; fileEncoding = 4; lastKnownFileType = sourcecode.swift; path = Rechablity.swift; sourceTree = "<group>"; };
		1EB80EE723013DEB00D0FCB4 /* Validation.swift */ = {isa = PBXFileReference; lastKnownFileType = sourcecode.swift; path = Validation.swift; sourceTree = "<group>"; };
		1EB80EE923013E1C00D0FCB4 /* Indicator.swift */ = {isa = PBXFileReference; fileEncoding = 4; lastKnownFileType = sourcecode.swift; path = Indicator.swift; sourceTree = "<group>"; };
		1EB80EEE2301416900D0FCB4 /* UITextField+fixCaretPosition.swift */ = {isa = PBXFileReference; fileEncoding = 4; lastKnownFileType = sourcecode.swift; path = "UITextField+fixCaretPosition.swift"; sourceTree = "<group>"; };
		1EB80EEF2301416900D0FCB4 /* SkyFloatingLabelTextFieldWithIcon.swift */ = {isa = PBXFileReference; fileEncoding = 4; lastKnownFileType = sourcecode.swift; path = SkyFloatingLabelTextFieldWithIcon.swift; sourceTree = "<group>"; };
		1EB80EF02301416900D0FCB4 /* SkyFloatingLabelTextField.swift */ = {isa = PBXFileReference; fileEncoding = 4; lastKnownFileType = sourcecode.swift; path = SkyFloatingLabelTextField.swift; sourceTree = "<group>"; };
		1EB80EF52301479B00D0FCB4 /* ProximaNova-Bold.ttf */ = {isa = PBXFileReference; lastKnownFileType = file; path = "ProximaNova-Bold.ttf"; sourceTree = "<group>"; };
		1EB80EF62301479B00D0FCB4 /* ProximaNova-Extrabld.ttf */ = {isa = PBXFileReference; lastKnownFileType = file; path = "ProximaNova-Extrabld.ttf"; sourceTree = "<group>"; };
		1EB80EF72301479B00D0FCB4 /* ProximaNova-Black.ttf */ = {isa = PBXFileReference; lastKnownFileType = file; path = "ProximaNova-Black.ttf"; sourceTree = "<group>"; };
		1EB80EF82301479B00D0FCB4 /* ProximaNova-Light.ttf */ = {isa = PBXFileReference; lastKnownFileType = file; path = "ProximaNova-Light.ttf"; sourceTree = "<group>"; };
		1EB80EF92301479B00D0FCB4 /* ProximaNovaT-Thin.ttf */ = {isa = PBXFileReference; lastKnownFileType = file; path = "ProximaNovaT-Thin.ttf"; sourceTree = "<group>"; };
		1EB80EFA2301479B00D0FCB4 /* ProximaNova-Regular.ttf */ = {isa = PBXFileReference; lastKnownFileType = file; path = "ProximaNova-Regular.ttf"; sourceTree = "<group>"; };
		1EB80EFB2301479B00D0FCB4 /* ProximaNova-Semibold.ttf */ = {isa = PBXFileReference; lastKnownFileType = file; path = "ProximaNova-Semibold.ttf"; sourceTree = "<group>"; };
		1EB80F032301574700D0FCB4 /* LoginVC.swift */ = {isa = PBXFileReference; lastKnownFileType = sourcecode.swift; path = LoginVC.swift; sourceTree = "<group>"; };
		1ECA47A8230FC6C200FC939D /* HostListOnMapVC.swift */ = {isa = PBXFileReference; lastKnownFileType = sourcecode.swift; path = HostListOnMapVC.swift; sourceTree = "<group>"; };
		1ECA47AA230FC70400FC939D /* HostListCell.xib */ = {isa = PBXFileReference; lastKnownFileType = file.xib; path = HostListCell.xib; sourceTree = "<group>"; };
		1ECA47AC230FC71C00FC939D /* HostListTableViewCell.swift */ = {isa = PBXFileReference; lastKnownFileType = sourcecode.swift; path = HostListTableViewCell.swift; sourceTree = "<group>"; };
		2A79906944A721D11DFE6174 /* Pods_BundleApp.framework */ = {isa = PBXFileReference; explicitFileType = wrapper.framework; includeInIndex = 0; path = Pods_BundleApp.framework; sourceTree = BUILT_PRODUCTS_DIR; };
		9B12C6D8231695EF00A41366 /* TGFlingActionButton.swift */ = {isa = PBXFileReference; fileEncoding = 4; lastKnownFileType = sourcecode.swift; path = TGFlingActionButton.swift; sourceTree = "<group>"; };
		9B7E1678231543FC00DA055C /* DetailViewController.swift */ = {isa = PBXFileReference; lastKnownFileType = sourcecode.swift; path = DetailViewController.swift; sourceTree = "<group>"; };
		9BFD006523164351006D5C97 /* NWSImageToken.xib */ = {isa = PBXFileReference; lastKnownFileType = file.xib; path = NWSImageToken.xib; sourceTree = "<group>"; };
		9BFD006723164365006D5C97 /* NWSImageToken.swift */ = {isa = PBXFileReference; lastKnownFileType = sourcecode.swift; path = NWSImageToken.swift; sourceTree = "<group>"; };
		D0BE235A0DB7BBBDEDCCEC9C /* Pods-BundleApp.debug.xcconfig */ = {isa = PBXFileReference; includeInIndex = 1; lastKnownFileType = text.xcconfig; name = "Pods-BundleApp.debug.xcconfig"; path = "Target Support Files/Pods-BundleApp/Pods-BundleApp.debug.xcconfig"; sourceTree = "<group>"; };
		F904BC2D231E6BDB00D0030C /* ProfileViewController.swift */ = {isa = PBXFileReference; lastKnownFileType = sourcecode.swift; path = ProfileViewController.swift; sourceTree = "<group>"; };
		F90BD15A231F982A00916512 /* MyQRViewController.swift */ = {isa = PBXFileReference; lastKnownFileType = sourcecode.swift; path = MyQRViewController.swift; sourceTree = "<group>"; };
		F90BD15E231FBDA100916512 /* UserFeedbackController.swift */ = {isa = PBXFileReference; lastKnownFileType = sourcecode.swift; path = UserFeedbackController.swift; sourceTree = "<group>"; };
		F90BD160231FC71F00916512 /* ScanQRController.swift */ = {isa = PBXFileReference; lastKnownFileType = sourcecode.swift; path = ScanQRController.swift; sourceTree = "<group>"; };
		F90BD163231FD9BB00916512 /* SingleListingViewController.swift */ = {isa = PBXFileReference; lastKnownFileType = sourcecode.swift; path = SingleListingViewController.swift; sourceTree = "<group>"; };
		F90BD166231FDEC000916512 /* PaymentStatusController.swift */ = {isa = PBXFileReference; lastKnownFileType = sourcecode.swift; path = PaymentStatusController.swift; sourceTree = "<group>"; };
		F9215ADF232275850053385B /* RegularBooking_VC.swift */ = {isa = PBXFileReference; lastKnownFileType = sourcecode.swift; path = RegularBooking_VC.swift; sourceTree = "<group>"; };
		F9215AE123228A530053385B /* ImageCollectionViewCell.swift */ = {isa = PBXFileReference; lastKnownFileType = sourcecode.swift; path = ImageCollectionViewCell.swift; sourceTree = "<group>"; };
		F9215AE223228A530053385B /* ImageCollectionViewCell.xib */ = {isa = PBXFileReference; lastKnownFileType = file.xib; path = ImageCollectionViewCell.xib; sourceTree = "<group>"; };
		F9215AE5232292300053385B /* AddImageCollectionViewCell.swift */ = {isa = PBXFileReference; lastKnownFileType = sourcecode.swift; path = AddImageCollectionViewCell.swift; sourceTree = "<group>"; };
		F9215AE6232292300053385B /* AddImageCollectionViewCell.xib */ = {isa = PBXFileReference; lastKnownFileType = file.xib; path = AddImageCollectionViewCell.xib; sourceTree = "<group>"; };
		F98C0159232A14DB00B89FB1 /* SingleItemRequest_VC.swift */ = {isa = PBXFileReference; lastKnownFileType = sourcecode.swift; path = SingleItemRequest_VC.swift; sourceTree = "<group>"; };
		F98C015B232A1A7800B89FB1 /* PickSingleItemCell.swift */ = {isa = PBXFileReference; lastKnownFileType = sourcecode.swift; path = PickSingleItemCell.swift; sourceTree = "<group>"; };
		F98C015C232A1A7800B89FB1 /* PickSingleItemCell.xib */ = {isa = PBXFileReference; lastKnownFileType = file.xib; path = PickSingleItemCell.xib; sourceTree = "<group>"; };
		F9C2E549231E7F3B0087AF35 /* StatusViewCell.swift */ = {isa = PBXFileReference; lastKnownFileType = sourcecode.swift; path = StatusViewCell.swift; sourceTree = "<group>"; };
		F9C2E54A231E7F3B0087AF35 /* StatusViewCell.xib */ = {isa = PBXFileReference; lastKnownFileType = file.xib; path = StatusViewCell.xib; sourceTree = "<group>"; };
		F9C86F1023194A11006B6E90 /* LynnBubbleViewHeaderCell.swift */ = {isa = PBXFileReference; fileEncoding = 4; lastKnownFileType = sourcecode.swift; path = LynnBubbleViewHeaderCell.swift; sourceTree = "<group>"; };
		F9C86F1123194A11006B6E90 /* MyBubbleViewCell.swift */ = {isa = PBXFileReference; fileEncoding = 4; lastKnownFileType = sourcecode.swift; path = MyBubbleViewCell.swift; sourceTree = "<group>"; };
		F9C86F1223194A11006B6E90 /* Someone'sBubbleViewCell.swift */ = {isa = PBXFileReference; fileEncoding = 4; lastKnownFileType = sourcecode.swift; path = "Someone'sBubbleViewCell.swift"; sourceTree = "<group>"; };
		F9C86F1323194A11006B6E90 /* LynnBubbleData.swift */ = {isa = PBXFileReference; fileEncoding = 4; lastKnownFileType = sourcecode.swift; path = LynnBubbleData.swift; sourceTree = "<group>"; };
		F9C86F1423194A11006B6E90 /* Someone'sBubbleViewCell.xib */ = {isa = PBXFileReference; fileEncoding = 4; lastKnownFileType = file.xib; path = "Someone'sBubbleViewCell.xib"; sourceTree = "<group>"; };
		F9C86F1723194A11006B6E90 /* LynnBubbleViewHeaderCell.xib */ = {isa = PBXFileReference; fileEncoding = 4; lastKnownFileType = file.xib; path = LynnBubbleViewHeaderCell.xib; sourceTree = "<group>"; };
		F9C86F1823194A11006B6E90 /* MyBubbleViewCell.xib */ = {isa = PBXFileReference; fileEncoding = 4; lastKnownFileType = file.xib; path = MyBubbleViewCell.xib; sourceTree = "<group>"; };
		F9C86F1923194A11006B6E90 /* LynnBubbleTableView.swift */ = {isa = PBXFileReference; fileEncoding = 4; lastKnownFileType = sourcecode.swift; path = LynnBubbleTableView.swift; sourceTree = "<group>"; };
		F9C86F2923194A86006B6E90 /* ChatViewController.swift */ = {isa = PBXFileReference; lastKnownFileType = sourcecode.swift; path = ChatViewController.swift; sourceTree = "<group>"; };
		F9EBCD36231D41DF003CC022 /* Request_MessageVC.swift */ = {isa = PBXFileReference; lastKnownFileType = sourcecode.swift; path = Request_MessageVC.swift; sourceTree = "<group>"; };
		F9EBCD38231D4319003CC022 /* MessageViewCell.swift */ = {isa = PBXFileReference; lastKnownFileType = sourcecode.swift; path = MessageViewCell.swift; sourceTree = "<group>"; };
		F9EBCD39231D4319003CC022 /* MessageViewCell.xib */ = {isa = PBXFileReference; lastKnownFileType = file.xib; path = MessageViewCell.xib; sourceTree = "<group>"; };
		F9EBCD3C231D4329003CC022 /* RequestViewCell.swift */ = {isa = PBXFileReference; lastKnownFileType = sourcecode.swift; path = RequestViewCell.swift; sourceTree = "<group>"; };
		F9EBCD3D231D4329003CC022 /* RequestViewCell.xib */ = {isa = PBXFileReference; lastKnownFileType = file.xib; path = RequestViewCell.xib; sourceTree = "<group>"; };
		F9F3E0E12327CBCC00BBF871 /* PaymentViewController.swift */ = {isa = PBXFileReference; lastKnownFileType = sourcecode.swift; path = PaymentViewController.swift; sourceTree = "<group>"; };
		F9F3E0E32327CC1000BBF871 /* DiscountPopUpController.swift */ = {isa = PBXFileReference; lastKnownFileType = sourcecode.swift; path = DiscountPopUpController.swift; sourceTree = "<group>"; };
		F9F8C3D72329101E001130E3 /* PaymentDetailController.swift */ = {isa = PBXFileReference; lastKnownFileType = sourcecode.swift; path = PaymentDetailController.swift; sourceTree = "<group>"; };
/* End PBXFileReference section */

/* Begin PBXFrameworksBuildPhase section */
		1EB80EBC23012E1700D0FCB4 /* Frameworks */ = {
			isa = PBXFrameworksBuildPhase;
			buildActionMask = 2147483647;
			files = (
				855B03BE2FA3D10F3EC031DD /* Pods_BundleApp.framework in Frameworks */,
			);
			runOnlyForDeploymentPostprocessing = 0;
		};
/* End PBXFrameworksBuildPhase section */

/* Begin PBXGroup section */
		1E2AC327230BC1AC00CF2373 /* LoginVC */ = {
			isa = PBXGroup;
			children = (
				1EB80F032301574700D0FCB4 /* LoginVC.swift */,
			);
			path = LoginVC;
			sourceTree = "<group>";
		};
		1E2AC328230BC1B600CF2373 /* SignUp */ = {
			isa = PBXGroup;
			children = (
				1E2AC329230BC1C800CF2373 /* SignUpVC.swift */,
			);
			path = SignUp;
			sourceTree = "<group>";
		};
		1E57343F230BF67F00CB4EF6 /* SIgnIn */ = {
			isa = PBXGroup;
			children = (
				1E573440230BF68F00CB4EF6 /* SignInVC.swift */,
			);
			path = SIgnIn;
			sourceTree = "<group>";
		};
		1E573442230C03E400CB4EF6 /* ForgotPassword */ = {
			isa = PBXGroup;
			children = (
				1E573443230C040400CB4EF6 /* EnterVerificationCodeVC.swift */,
				1E573445230C07B900CB4EF6 /* ResetPasswordVC.swift */,
			);
			path = ForgotPassword;
			sourceTree = "<group>";
		};
		1E573447230C0F5C00CB4EF6 /* CreatePost */ = {
			isa = PBXGroup;
			children = (
				1E573448230C0F8D00CB4EF6 /* UploadID_StepFirstVC.swift */,
				1E57344A230C21F400CB4EF6 /* SpaceLocatedVC.swift */,
				1E8AF9BA230C559600240F65 /* DescribeListingVC.swift */,
				1E8AF9BE230D277800240F65 /* SelectSpaceDimensionVC.swift */,
				1E8AF9C0230D279C00240F65 /* SpaceNameVC.swift */,
				1E8AF9C2230D281100240F65 /* DescriptionVC.swift */,
				1EA699292317BB1300C50AE7 /* FeaturesVC.swift */,
				1EA6992B2317F52B00C50AE7 /* DiscountVC.swift */,
				1E9EB0C22318F95E003E6F80 /* StorageChargeVC.swift */,
				1E84DA73233C899E005FC68B /* StorageImageVC.swift */,
			);
			path = CreatePost;
			sourceTree = "<group>";
		};
		1E9EB0C42318FF8B003E6F80 /* TabBar */ = {
			isa = PBXGroup;
			children = (
				1E9EB0C723190151003E6F80 /* TabBarVC.swift */,
			);
			path = TabBar;
			sourceTree = "<group>";
		};
		1EB80EB623012E1700D0FCB4 = {
			isa = PBXGroup;
			children = (
				1EB80EC123012E1700D0FCB4 /* BundleApp */,
				1EB80EC023012E1700D0FCB4 /* Products */,
				489535582FC125BFA4166410 /* Pods */,
				729303E510A45B05B169F7E0 /* Frameworks */,
			);
			sourceTree = "<group>";
		};
		1EB80EC023012E1700D0FCB4 /* Products */ = {
			isa = PBXGroup;
			children = (
				1EB80EBF23012E1700D0FCB4 /* BundleApp.app */,
			);
			name = Products;
			sourceTree = "<group>";
		};
		1EB80EC123012E1700D0FCB4 /* BundleApp */ = {
			isa = PBXGroup;
			children = (
				1EB80EF42301473200D0FCB4 /* Fonts */,
				1EB80EED2301414E00D0FCB4 /* SkyFloating */,
				1EB80EE423013CD300D0FCB4 /* CheckInterNetConnection */,
				1EB80ED9230131C300D0FCB4 /* Controller */,
				1EB80ED8230131BC00D0FCB4 /* Subviews */,
				1EB80ED7230131A500D0FCB4 /* StringFile */,
				1EB80ED62301318800D0FCB4 /* KeyBoard */,
				1EB80ED52301317A00D0FCB4 /* Modal */,
				1EB80ED42301317400D0FCB4 /* Library */,
				1EB80EC223012E1700D0FCB4 /* AppDelegate.swift */,
				1EB80EC423012E1700D0FCB4 /* ViewController.swift */,
				1EB80ECB23012E1800D0FCB4 /* LaunchScreen.storyboard */,
				1EB80EC923012E1800D0FCB4 /* Assets.xcassets */,
				1EB80ECE23012E1800D0FCB4 /* Info.plist */,
				1EB0A7F6232A584E00F8E29B /* Main.storyboard */,
			);
			path = BundleApp;
			sourceTree = "<group>";
		};
		1EB80ED42301317400D0FCB4 /* Library */ = {
			isa = PBXGroup;
			children = (
				1E15CAF1232CC16200BF56D3 /* Service.swift */,
				1EA69925231667CF00C50AE7 /* ImagePicker.swift */,
				1EB80EE923013E1C00D0FCB4 /* Indicator.swift */,
				1EB80EDA2301347E00D0FCB4 /* Extension.swift */,
				1EB80EDE23013B6200D0FCB4 /* Webservice.swift */,
				1EB80EDC2301351200D0FCB4 /* Constants.swift */,
				1EB80EE023013BDE00D0FCB4 /* Singelton.swift */,
				1EB80EE723013DEB00D0FCB4 /* Validation.swift */,
				1EA698D42313ED1D00C50AE7 /* Location.swift */,
			);
			path = Library;
			sourceTree = "<group>";
		};
		1EB80ED52301317A00D0FCB4 /* Modal */ = {
			isa = PBXGroup;
			children = (
				1E8AF9BC230D12A800240F65 /* ListingModal.swift */,
				1EA698D22313E9EC00C50AE7 /* UserDataModal.swift */,
				1EA698D62314076F00C50AE7 /* StorageListModal.swift */,
				1EA698D8231409D600C50AE7 /* AddressModal.swift */,
				1EA6992723169C1E00C50AE7 /* AddStorageModal.swift */,
				1E84DA79233CB6DF005FC68B /* UploadImageModal.swift */,
				1E144DEF2341CEC100255E39 /* StorageImageModal.swift */,
			);
			path = Modal;
			sourceTree = "<group>";
		};
		1EB80ED62301318800D0FCB4 /* KeyBoard */ = {
			isa = PBXGroup;
			children = (
				1E7F92502301C198006E2CEF /* BundleApp-Bridging-Header.h */,
				1E7F92522301C199006E2CEF /* IQBarButtonItem.h */,
				1E7F926D2301C19C006E2CEF /* IQBarButtonItem.m */,
				1E7F92672301C19B006E2CEF /* IQKeyboardManager.bundle */,
				1E7F925C2301C19A006E2CEF /* IQKeyboardManager.h */,
				1E7F92692301C19B006E2CEF /* IQKeyboardManager.m */,
				1E7F92652301C19B006E2CEF /* IQKeyboardManagerConstants.h */,
				1E7F926A2301C19B006E2CEF /* IQKeyboardManagerConstantsInternal.h */,
				1E7F92622301C19A006E2CEF /* IQKeyboardReturnKeyHandler.h */,
				1E7F92562301C19A006E2CEF /* IQKeyboardReturnKeyHandler.m */,
				1E7F92682301C19B006E2CEF /* IQNSArray+Sort.h */,
				1E7F926B2301C19C006E2CEF /* IQNSArray+Sort.m */,
				1E7F925A2301C19A006E2CEF /* IQSegmentedNextPrevious.h */,
				1E7F925B2301C19A006E2CEF /* IQSegmentedNextPrevious.m */,
				1E7F92632301C19B006E2CEF /* IQTextView.h */,
				1E7F92582301C19A006E2CEF /* IQTextView.m */,
				1E7F926C2301C19C006E2CEF /* IQTitleBarButtonItem.h */,
				1E7F92602301C19A006E2CEF /* IQTitleBarButtonItem.m */,
				1E7F92532301C199006E2CEF /* IQToolbar.h */,
				1E7F925E2301C19A006E2CEF /* IQToolbar.m */,
				1E7F92572301C19A006E2CEF /* IQUITextFieldView+Additions.h */,
				1E7F92512301C199006E2CEF /* IQUITextFieldView+Additions.m */,
				1E7F92612301C19A006E2CEF /* IQUIView+Hierarchy.h */,
				1E7F92592301C19A006E2CEF /* IQUIView+Hierarchy.m */,
				1E7F925F2301C19A006E2CEF /* IQUIView+IQKeyboardToolbar.h */,
				1E7F925D2301C19A006E2CEF /* IQUIView+IQKeyboardToolbar.m */,
				1E7F926E2301C19C006E2CEF /* IQUIViewController+Additions.h */,
				1E7F92542301C199006E2CEF /* IQUIViewController+Additions.m */,
				1E7F92552301C19A006E2CEF /* IQUIWindow+Hierarchy.h */,
				1E7F92642301C19B006E2CEF /* IQUIWindow+Hierarchy.m */,
				1E7F92662301C19B006E2CEF /* KeyboardManager.h */,
			);
			path = KeyBoard;
			sourceTree = "<group>";
		};
		1EB80ED7230131A500D0FCB4 /* StringFile */ = {
			isa = PBXGroup;
			children = (
				1E8AF9C4230D51D400240F65 /* Localizable.strings */,
			);
			path = StringFile;
			sourceTree = "<group>";
		};
		1EB80ED8230131BC00D0FCB4 /* Subviews */ = {
			isa = PBXGroup;
			children = (
				1E57344C230C538600CB4EF6 /* ListingCell.xib */,
				1E8AF9B8230C553800240F65 /* ListingTableViewCell.swift */,
				1ECA47AA230FC70400FC939D /* HostListCell.xib */,
				1ECA47AC230FC71C00FC939D /* HostListTableViewCell.swift */,
				1E84DA75233C8A21005FC68B /* UploadImage.xib */,
				1E84DA77233C9116005FC68B /* UploadImageCell.swift */,
			);
			path = Subviews;
			sourceTree = "<group>";
		};
		1EB80ED9230131C300D0FCB4 /* Controller */ = {
			isa = PBXGroup;
			children = (
				F90BD162231FD99900916512 /* Listing */,
				F9215ADE232275670053385B /* Booking */,
				F9215AD023225A240053385B /* Sidemenu */,
				F90BD165231FDD1100916512 /* Payment */,
				F904BC2C231E68C300D0030C /* Profile */,
				F9EBCD35231D41A6003CC022 /* Request&Message */,
				F9C86F0D231949E9006B6E90 /* ChatControllers */,
				9BE86C4523168D77005C0158 /* DetailsController */,
				1E9EB0C42318FF8B003E6F80 /* TabBar */,
				1ECA47A7230FC67900FC939D /* HostList */,
				1E573447230C0F5C00CB4EF6 /* CreatePost */,
				1E573442230C03E400CB4EF6 /* ForgotPassword */,
				1E57343F230BF67F00CB4EF6 /* SIgnIn */,
				1E2AC328230BC1B600CF2373 /* SignUp */,
				1E2AC327230BC1AC00CF2373 /* LoginVC */,
			);
			path = Controller;
			sourceTree = "<group>";
		};
		1EB80EE423013CD300D0FCB4 /* CheckInterNetConnection */ = {
			isa = PBXGroup;
			children = (
				1EB80EE523013CE000D0FCB4 /* Rechablity.swift */,
			);
			path = CheckInterNetConnection;
			sourceTree = "<group>";
		};
		1EB80EED2301414E00D0FCB4 /* SkyFloating */ = {
			isa = PBXGroup;
			children = (
				1EB80EF02301416900D0FCB4 /* SkyFloatingLabelTextField.swift */,
				1EB80EEF2301416900D0FCB4 /* SkyFloatingLabelTextFieldWithIcon.swift */,
				1EB80EEE2301416900D0FCB4 /* UITextField+fixCaretPosition.swift */,
			);
			path = SkyFloating;
			sourceTree = "<group>";
		};
		1EB80EF42301473200D0FCB4 /* Fonts */ = {
			isa = PBXGroup;
			children = (
				1EB80EF72301479B00D0FCB4 /* ProximaNova-Black.ttf */,
				1EB80EF52301479B00D0FCB4 /* ProximaNova-Bold.ttf */,
				1EB80EF62301479B00D0FCB4 /* ProximaNova-Extrabld.ttf */,
				1EB80EF82301479B00D0FCB4 /* ProximaNova-Light.ttf */,
				1EB80EFA2301479B00D0FCB4 /* ProximaNova-Regular.ttf */,
				1EB80EFB2301479B00D0FCB4 /* ProximaNova-Semibold.ttf */,
				1EB80EF92301479B00D0FCB4 /* ProximaNovaT-Thin.ttf */,
			);
			path = Fonts;
			sourceTree = "<group>";
		};
		1ECA47A7230FC67900FC939D /* HostList */ = {
			isa = PBXGroup;
			children = (
				1ECA47A8230FC6C200FC939D /* HostListOnMapVC.swift */,
			);
			path = HostList;
			sourceTree = "<group>";
		};
		489535582FC125BFA4166410 /* Pods */ = {
			isa = PBXGroup;
			children = (
				D0BE235A0DB7BBBDEDCCEC9C /* Pods-BundleApp.debug.xcconfig */,
				121761E2CB17089D10EF81AB /* Pods-BundleApp.release.xcconfig */,
			);
			path = Pods;
			sourceTree = "<group>";
		};
		729303E510A45B05B169F7E0 /* Frameworks */ = {
			isa = PBXGroup;
			children = (
				2A79906944A721D11DFE6174 /* Pods_BundleApp.framework */,
			);
			name = Frameworks;
			sourceTree = "<group>";
		};
		9BE86C4523168D77005C0158 /* DetailsController */ = {
			isa = PBXGroup;
			children = (
				9B12C6D8231695EF00A41366 /* TGFlingActionButton.swift */,
				9B7E1678231543FC00DA055C /* DetailViewController.swift */,
				9BFD006523164351006D5C97 /* NWSImageToken.xib */,
				9BFD006723164365006D5C97 /* NWSImageToken.swift */,
			);
			path = DetailsController;
			sourceTree = "<group>";
		};
		F904BC2C231E68C300D0030C /* Profile */ = {
			isa = PBXGroup;
			children = (
				F904BC2D231E6BDB00D0030C /* ProfileViewController.swift */,
				F9C2E549231E7F3B0087AF35 /* StatusViewCell.swift */,
				F9C2E54A231E7F3B0087AF35 /* StatusViewCell.xib */,
				F90BD15A231F982A00916512 /* MyQRViewController.swift */,
				F90BD15E231FBDA100916512 /* UserFeedbackController.swift */,
				F90BD160231FC71F00916512 /* ScanQRController.swift */,
			);
			path = Profile;
			sourceTree = "<group>";
		};
		F90BD162231FD99900916512 /* Listing */ = {
			isa = PBXGroup;
			children = (
				F90BD163231FD9BB00916512 /* SingleListingViewController.swift */,
			);
			path = Listing;
			sourceTree = "<group>";
		};
		F90BD165231FDD1100916512 /* Payment */ = {
			isa = PBXGroup;
			children = (
				F90BD166231FDEC000916512 /* PaymentStatusController.swift */,
				F9F3E0E12327CBCC00BBF871 /* PaymentViewController.swift */,
				F9F8C3D72329101E001130E3 /* PaymentDetailController.swift */,
			);
			path = Payment;
			sourceTree = "<group>";
		};
		F9215AD023225A240053385B /* Sidemenu */ = {
			isa = PBXGroup;
			children = (
				1E84DA2B233A1B51005FC68B /* LeftMenuViewController.swift */,
			);
			path = Sidemenu;
			sourceTree = "<group>";
		};
		F9215ADE232275670053385B /* Booking */ = {
			isa = PBXGroup;
			children = (
				F9215ADF232275850053385B /* RegularBooking_VC.swift */,
				F98C0159232A14DB00B89FB1 /* SingleItemRequest_VC.swift */,
				F9F3E0E32327CC1000BBF871 /* DiscountPopUpController.swift */,
				F9215AE123228A530053385B /* ImageCollectionViewCell.swift */,
				F9215AE223228A530053385B /* ImageCollectionViewCell.xib */,
				F9215AE5232292300053385B /* AddImageCollectionViewCell.swift */,
				F9215AE6232292300053385B /* AddImageCollectionViewCell.xib */,
				F98C015B232A1A7800B89FB1 /* PickSingleItemCell.swift */,
				F98C015C232A1A7800B89FB1 /* PickSingleItemCell.xib */,
			);
			path = Booking;
			sourceTree = "<group>";
		};
		F9C86F0D231949E9006B6E90 /* ChatControllers */ = {
			isa = PBXGroup;
			children = (
				F9C86F1323194A11006B6E90 /* LynnBubbleData.swift */,
				F9C86F1923194A11006B6E90 /* LynnBubbleTableView.swift */,
				F9C86F1023194A11006B6E90 /* LynnBubbleViewHeaderCell.swift */,
				F9C86F1723194A11006B6E90 /* LynnBubbleViewHeaderCell.xib */,
				F9C86F1123194A11006B6E90 /* MyBubbleViewCell.swift */,
				F9C86F1823194A11006B6E90 /* MyBubbleViewCell.xib */,
				F9C86F1223194A11006B6E90 /* Someone'sBubbleViewCell.swift */,
				F9C86F1423194A11006B6E90 /* Someone'sBubbleViewCell.xib */,
				F9C86F2923194A86006B6E90 /* ChatViewController.swift */,
			);
			path = ChatControllers;
			sourceTree = "<group>";
		};
		F9EBCD35231D41A6003CC022 /* Request&Message */ = {
			isa = PBXGroup;
			children = (
				F9EBCD36231D41DF003CC022 /* Request_MessageVC.swift */,
				F9EBCD38231D4319003CC022 /* MessageViewCell.swift */,
				F9EBCD39231D4319003CC022 /* MessageViewCell.xib */,
				F9EBCD3C231D4329003CC022 /* RequestViewCell.swift */,
				F9EBCD3D231D4329003CC022 /* RequestViewCell.xib */,
			);
			path = "Request&Message";
			sourceTree = "<group>";
		};
/* End PBXGroup section */

/* Begin PBXNativeTarget section */
		1EB80EBE23012E1700D0FCB4 /* BundleApp */ = {
			isa = PBXNativeTarget;
			buildConfigurationList = 1EB80ED123012E1800D0FCB4 /* Build configuration list for PBXNativeTarget "BundleApp" */;
			buildPhases = (
				8995620C232EA15CD229F7F5 /* [CP] Check Pods Manifest.lock */,
				1EB80EBB23012E1700D0FCB4 /* Sources */,
				1EB80EBC23012E1700D0FCB4 /* Frameworks */,
				1EB80EBD23012E1700D0FCB4 /* Resources */,
				8FE06C9AAEB1C1E6273C5884 /* [CP] Embed Pods Frameworks */,
				E6A672D05A7A887CF616FFE4 /* [CP] Copy Pods Resources */,
				1E892A6E23427F220023D4DF /* ShellScript */,
			);
			buildRules = (
			);
			dependencies = (
			);
			name = BundleApp;
			productName = BundleApp;
			productReference = 1EB80EBF23012E1700D0FCB4 /* BundleApp.app */;
			productType = "com.apple.product-type.application";
		};
/* End PBXNativeTarget section */

/* Begin PBXProject section */
		1EB80EB723012E1700D0FCB4 /* Project object */ = {
			isa = PBXProject;
			attributes = {
				LastSwiftUpdateCheck = 1030;
				LastUpgradeCheck = 1030;
				ORGANIZATIONNAME = "Rohit Gupta";
				TargetAttributes = {
					1EB80EBE23012E1700D0FCB4 = {
						CreatedOnToolsVersion = 10.3;
						LastSwiftMigration = 1030;
					};
				};
			};
			buildConfigurationList = 1EB80EBA23012E1700D0FCB4 /* Build configuration list for PBXProject "BundleApp" */;
			compatibilityVersion = "Xcode 9.3";
			developmentRegion = en;
			hasScannedForEncodings = 0;
			knownRegions = (
				en,
				Base,
			);
			mainGroup = 1EB80EB623012E1700D0FCB4;
			productRefGroup = 1EB80EC023012E1700D0FCB4 /* Products */;
			projectDirPath = "";
			projectRoot = "";
			targets = (
				1EB80EBE23012E1700D0FCB4 /* BundleApp */,
			);
		};
/* End PBXProject section */

/* Begin PBXResourcesBuildPhase section */
		1EB80EBD23012E1700D0FCB4 /* Resources */ = {
			isa = PBXResourcesBuildPhase;
			buildActionMask = 2147483647;
			files = (
				F9EBCD3F231D4329003CC022 /* RequestViewCell.xib in Resources */,
				F9EBCD3B231D4319003CC022 /* MessageViewCell.xib in Resources */,
				F9215AE8232292300053385B /* AddImageCollectionViewCell.xib in Resources */,
				1EB80ECD23012E1800D0FCB4 /* LaunchScreen.storyboard in Resources */,
				1E84DA76233C8A21005FC68B /* UploadImage.xib in Resources */,
				1E7F92792301C19C006E2CEF /* IQKeyboardManager.bundle in Resources */,
				F98C015E232A1A7800B89FB1 /* PickSingleItemCell.xib in Resources */,
				1EB80F002301479B00D0FCB4 /* ProximaNovaT-Thin.ttf in Resources */,
				1EB80F022301479B00D0FCB4 /* ProximaNova-Semibold.ttf in Resources */,
				F9215AE423228A530053385B /* ImageCollectionViewCell.xib in Resources */,
				1EB0A7F7232A584E00F8E29B /* Main.storyboard in Resources */,
				1EB80EFF2301479B00D0FCB4 /* ProximaNova-Light.ttf in Resources */,
				1EB80ECA23012E1800D0FCB4 /* Assets.xcassets in Resources */,
				F9C86F2423194A11006B6E90 /* MyBubbleViewCell.xib in Resources */,
				1EB80EFC2301479B00D0FCB4 /* ProximaNova-Bold.ttf in Resources */,
				1EB80F012301479B00D0FCB4 /* ProximaNova-Regular.ttf in Resources */,
				1EB80EFD2301479B00D0FCB4 /* ProximaNova-Extrabld.ttf in Resources */,
				1ECA47AB230FC70400FC939D /* HostListCell.xib in Resources */,
				F9C86F2323194A11006B6E90 /* LynnBubbleViewHeaderCell.xib in Resources */,
				1E8AF9C5230D51D400240F65 /* Localizable.strings in Resources */,
				F9C86F2023194A11006B6E90 /* Someone'sBubbleViewCell.xib in Resources */,
				1E57344D230C538600CB4EF6 /* ListingCell.xib in Resources */,
				9BFD006623164351006D5C97 /* NWSImageToken.xib in Resources */,
				1EB80EFE2301479B00D0FCB4 /* ProximaNova-Black.ttf in Resources */,
				F9C2E54C231E7F3B0087AF35 /* StatusViewCell.xib in Resources */,
			);
			runOnlyForDeploymentPostprocessing = 0;
		};
/* End PBXResourcesBuildPhase section */

/* Begin PBXShellScriptBuildPhase section */
		1E892A6E23427F220023D4DF /* ShellScript */ = {
			isa = PBXShellScriptBuildPhase;
			buildActionMask = 2147483647;
			files = (
			);
			inputFileListPaths = (
			);
			inputPaths = (
				"$(BUILT_PRODUCTS_DIR)/$(INFOPLIST_PATH)",
			);
			outputFileListPaths = (
			);
			outputPaths = (
			);
			runOnlyForDeploymentPostprocessing = 0;
			shellPath = /bin/sh;
			shellScript = "\"${PODS_ROOT}/Fabric/run\" 1bed234a4febb8a323b08861ff23fb956673b494 85b68b8e1b36819a0c2cc62be46b25fbddf36532bc56822b9549b80956c1054a\n";
		};
		8995620C232EA15CD229F7F5 /* [CP] Check Pods Manifest.lock */ = {
			isa = PBXShellScriptBuildPhase;
			buildActionMask = 2147483647;
			files = (
			);
			inputFileListPaths = (
			);
			inputPaths = (
				"${PODS_PODFILE_DIR_PATH}/Podfile.lock",
				"${PODS_ROOT}/Manifest.lock",
			);
			name = "[CP] Check Pods Manifest.lock";
			outputFileListPaths = (
			);
			outputPaths = (
				"$(DERIVED_FILE_DIR)/Pods-BundleApp-checkManifestLockResult.txt",
			);
			runOnlyForDeploymentPostprocessing = 0;
			shellPath = /bin/sh;
			shellScript = "diff \"${PODS_PODFILE_DIR_PATH}/Podfile.lock\" \"${PODS_ROOT}/Manifest.lock\" > /dev/null\nif [ $? != 0 ] ; then\n    # print error to STDERR\n    echo \"error: The sandbox is not in sync with the Podfile.lock. Run 'pod install' or update your CocoaPods installation.\" >&2\n    exit 1\nfi\n# This output is used by Xcode 'outputs' to avoid re-running this script phase.\necho \"SUCCESS\" > \"${SCRIPT_OUTPUT_FILE_0}\"\n";
			showEnvVarsInLog = 0;
		};
		8FE06C9AAEB1C1E6273C5884 /* [CP] Embed Pods Frameworks */ = {
			isa = PBXShellScriptBuildPhase;
			buildActionMask = 2147483647;
			files = (
			);
			inputFileListPaths = (
				"${PODS_ROOT}/Target Support Files/Pods-BundleApp/Pods-BundleApp-frameworks-${CONFIGURATION}-input-files.xcfilelist",
			);
			name = "[CP] Embed Pods Frameworks";
			outputFileListPaths = (
				"${PODS_ROOT}/Target Support Files/Pods-BundleApp/Pods-BundleApp-frameworks-${CONFIGURATION}-output-files.xcfilelist",
			);
			runOnlyForDeploymentPostprocessing = 0;
			shellPath = /bin/sh;
			shellScript = "\"${PODS_ROOT}/Target Support Files/Pods-BundleApp/Pods-BundleApp-frameworks.sh\"\n";
			showEnvVarsInLog = 0;
		};
		E6A672D05A7A887CF616FFE4 /* [CP] Copy Pods Resources */ = {
			isa = PBXShellScriptBuildPhase;
			buildActionMask = 2147483647;
			files = (
			);
			inputFileListPaths = (
				"${PODS_ROOT}/Target Support Files/Pods-BundleApp/Pods-BundleApp-resources-${CONFIGURATION}-input-files.xcfilelist",
			);
			name = "[CP] Copy Pods Resources";
			outputFileListPaths = (
				"${PODS_ROOT}/Target Support Files/Pods-BundleApp/Pods-BundleApp-resources-${CONFIGURATION}-output-files.xcfilelist",
			);
			runOnlyForDeploymentPostprocessing = 0;
			shellPath = /bin/sh;
			shellScript = "\"${PODS_ROOT}/Target Support Files/Pods-BundleApp/Pods-BundleApp-resources.sh\"\n";
			showEnvVarsInLog = 0;
		};
/* End PBXShellScriptBuildPhase section */

/* Begin PBXSourcesBuildPhase section */
		1EB80EBB23012E1700D0FCB4 /* Sources */ = {
			isa = PBXSourcesBuildPhase;
			buildActionMask = 2147483647;
			files = (
				1E8AF9C1230D279C00240F65 /* SpaceNameVC.swift in Sources */,
				F9F3E0E22327CBCC00BBF871 /* PaymentViewController.swift in Sources */,
				1EB80EDB2301347E00D0FCB4 /* Extension.swift in Sources */,
				1E15CAF2232CC16200BF56D3 /* Service.swift in Sources */,
				1E573444230C040400CB4EF6 /* EnterVerificationCodeVC.swift in Sources */,
				1EA6992A2317BB1300C50AE7 /* FeaturesVC.swift in Sources */,
				1E573449230C0F8D00CB4EF6 /* UploadID_StepFirstVC.swift in Sources */,
				1EA698D72314076F00C50AE7 /* StorageListModal.swift in Sources */,
				F9215AE0232275850053385B /* RegularBooking_VC.swift in Sources */,
				F90BD15F231FBDA100916512 /* UserFeedbackController.swift in Sources */,
				1EB80F042301574700D0FCB4 /* LoginVC.swift in Sources */,
				F9C86F1D23194A11006B6E90 /* MyBubbleViewCell.swift in Sources */,
				1EB80EE623013CE000D0FCB4 /* Rechablity.swift in Sources */,
				1E573446230C07B900CB4EF6 /* ResetPasswordVC.swift in Sources */,
				1EB80EEA23013E1C00D0FCB4 /* Indicator.swift in Sources */,
				1E8AF9BD230D12A800240F65 /* ListingModal.swift in Sources */,
				1EB80EE123013BDE00D0FCB4 /* Singelton.swift in Sources */,
				1E7F92752301C19C006E2CEF /* IQUIView+IQKeyboardToolbar.m in Sources */,
				F9215AE323228A530053385B /* ImageCollectionViewCell.swift in Sources */,
				F9C86F1E23194A11006B6E90 /* Someone'sBubbleViewCell.swift in Sources */,
				F9EBCD3E231D4329003CC022 /* RequestViewCell.swift in Sources */,
				F90BD161231FC71F00916512 /* ScanQRController.swift in Sources */,
				1EA69926231667CF00C50AE7 /* ImagePicker.swift in Sources */,
				F98C015A232A14DB00B89FB1 /* SingleItemRequest_VC.swift in Sources */,
				1E8AF9B9230C553800240F65 /* ListingTableViewCell.swift in Sources */,
				1EB80EE823013DEB00D0FCB4 /* Validation.swift in Sources */,
				1E7F926F2301C19C006E2CEF /* IQUITextFieldView+Additions.m in Sources */,
				1E7F927A2301C19C006E2CEF /* IQKeyboardManager.m in Sources */,
				1E8AF9BF230D277800240F65 /* SelectSpaceDimensionVC.swift in Sources */,
				9B12C6D9231695EF00A41366 /* TGFlingActionButton.swift in Sources */,
				1EB80EF12301416900D0FCB4 /* UITextField+fixCaretPosition.swift in Sources */,
				F90BD164231FD9BB00916512 /* SingleListingViewController.swift in Sources */,
				1E84DA7A233CB6DF005FC68B /* UploadImageModal.swift in Sources */,
				1EA698D9231409D600C50AE7 /* AddressModal.swift in Sources */,
				1E7F927C2301C19C006E2CEF /* IQBarButtonItem.m in Sources */,
				1EA698D52313ED1D00C50AE7 /* Location.swift in Sources */,
				1EB80EC523012E1700D0FCB4 /* ViewController.swift in Sources */,
				F9C86F1C23194A11006B6E90 /* LynnBubbleViewHeaderCell.swift in Sources */,
				F9215AE7232292300053385B /* AddImageCollectionViewCell.swift in Sources */,
				1E7F92762301C19C006E2CEF /* IQToolbar.m in Sources */,
				1E7F92742301C19C006E2CEF /* IQSegmentedNextPrevious.m in Sources */,
				9B7E1679231543FC00DA055C /* DetailViewController.swift in Sources */,
				1E57344B230C21F400CB4EF6 /* SpaceLocatedVC.swift in Sources */,
				1EB80EF22301416900D0FCB4 /* SkyFloatingLabelTextFieldWithIcon.swift in Sources */,
				F90BD167231FDEC000916512 /* PaymentStatusController.swift in Sources */,
				1EB80EC323012E1700D0FCB4 /* AppDelegate.swift in Sources */,
				1EA6992C2317F52B00C50AE7 /* DiscountVC.swift in Sources */,
				1E9EB0C823190151003E6F80 /* TabBarVC.swift in Sources */,
				F9C2E54B231E7F3B0087AF35 /* StatusViewCell.swift in Sources */,
				1E7F92782301C19C006E2CEF /* IQUIWindow+Hierarchy.m in Sources */,
				1E7F92772301C19C006E2CEF /* IQTitleBarButtonItem.m in Sources */,
				1EB80EDF23013B6200D0FCB4 /* Webservice.swift in Sources */,
				1EA698D32313E9EC00C50AE7 /* UserDataModal.swift in Sources */,
				F9EBCD3A231D4319003CC022 /* MessageViewCell.swift in Sources */,
				1E84DA74233C899E005FC68B /* StorageImageVC.swift in Sources */,
				1E7F92732301C19C006E2CEF /* IQUIView+Hierarchy.m in Sources */,
				F9F3E0E42327CC1000BBF871 /* DiscountPopUpController.swift in Sources */,
				F9EBCD37231D41DF003CC022 /* Request_MessageVC.swift in Sources */,
				F98C015D232A1A7800B89FB1 /* PickSingleItemCell.swift in Sources */,
				F9C86F2523194A11006B6E90 /* LynnBubbleTableView.swift in Sources */,
				1E573441230BF68F00CB4EF6 /* SignInVC.swift in Sources */,
				1ECA47AD230FC71C00FC939D /* HostListTableViewCell.swift in Sources */,
				1ECA47A9230FC6C200FC939D /* HostListOnMapVC.swift in Sources */,
				1E7F92722301C19C006E2CEF /* IQTextView.m in Sources */,
				F90BD15B231F982A00916512 /* MyQRViewController.swift in Sources */,
				1EB80EF32301416900D0FCB4 /* SkyFloatingLabelTextField.swift in Sources */,
				1E7F927B2301C19C006E2CEF /* IQNSArray+Sort.m in Sources */,
				1E7F92702301C19C006E2CEF /* IQUIViewController+Additions.m in Sources */,
				1EA6992823169C1E00C50AE7 /* AddStorageModal.swift in Sources */,
				1E8AF9C3230D281100240F65 /* DescriptionVC.swift in Sources */,
				9BFD006823164365006D5C97 /* NWSImageToken.swift in Sources */,
				1E8AF9C3230D281100240F65 /* DescriptionVC.swift in Sources */,
				F9C86F2A23194A86006B6E90 /* ChatViewController.swift in Sources */,
				1E84DA78233C9116005FC68B /* UploadImageCell.swift in Sources */,
				F9C86F1F23194A11006B6E90 /* LynnBubbleData.swift in Sources */,
				9BFD006823164365006D5C97 /* NWSImageToken.swift in Sources */,
				1E8AF9C3230D281100240F65 /* DescriptionVC.swift in Sources */,
				1EA6992823169C1E00C50AE7 /* AddStorageModal.swift in Sources */,
				1E8AF9C3230D281100240F65 /* DescriptionVC.swift in Sources */,
				1E144DF02341CEC100255E39 /* StorageImageModal.swift in Sources */,
				1E8AF9BB230C559600240F65 /* DescribeListingVC.swift in Sources */,
				1E9EB0C32318F95E003E6F80 /* StorageChargeVC.swift in Sources */,
				1EB80EDD2301351200D0FCB4 /* Constants.swift in Sources */,
				F904BC2E231E6BDB00D0030C /* ProfileViewController.swift in Sources */,
				F9F8C3D82329101E001130E3 /* PaymentDetailController.swift in Sources */,
				1E84DA2C233A1B51005FC68B /* LeftMenuViewController.swift in Sources */,
				1E2AC32A230BC1C800CF2373 /* SignUpVC.swift in Sources */,
				1E7F92712301C19C006E2CEF /* IQKeyboardReturnKeyHandler.m in Sources */,
			);
			runOnlyForDeploymentPostprocessing = 0;
		};
/* End PBXSourcesBuildPhase section */

/* Begin PBXVariantGroup section */
		1EB80ECB23012E1800D0FCB4 /* LaunchScreen.storyboard */ = {
			isa = PBXVariantGroup;
			children = (
				1EB80ECC23012E1800D0FCB4 /* Base */,
			);
			name = LaunchScreen.storyboard;
			sourceTree = "<group>";
		};
/* End PBXVariantGroup section */

/* Begin XCBuildConfiguration section */
		1EB80ECF23012E1800D0FCB4 /* Debug */ = {
			isa = XCBuildConfiguration;
			buildSettings = {
				ALWAYS_SEARCH_USER_PATHS = NO;
				CLANG_ANALYZER_NONNULL = YES;
				CLANG_ANALYZER_NUMBER_OBJECT_CONVERSION = YES_AGGRESSIVE;
				CLANG_CXX_LANGUAGE_STANDARD = "gnu++14";
				CLANG_CXX_LIBRARY = "libc++";
				CLANG_ENABLE_MODULES = YES;
				CLANG_ENABLE_OBJC_ARC = YES;
				CLANG_ENABLE_OBJC_WEAK = YES;
				CLANG_WARN_BLOCK_CAPTURE_AUTORELEASING = YES;
				CLANG_WARN_BOOL_CONVERSION = YES;
				CLANG_WARN_COMMA = YES;
				CLANG_WARN_CONSTANT_CONVERSION = YES;
				CLANG_WARN_DEPRECATED_OBJC_IMPLEMENTATIONS = YES;
				CLANG_WARN_DIRECT_OBJC_ISA_USAGE = YES_ERROR;
				CLANG_WARN_DOCUMENTATION_COMMENTS = YES;
				CLANG_WARN_EMPTY_BODY = YES;
				CLANG_WARN_ENUM_CONVERSION = YES;
				CLANG_WARN_INFINITE_RECURSION = YES;
				CLANG_WARN_INT_CONVERSION = YES;
				CLANG_WARN_NON_LITERAL_NULL_CONVERSION = YES;
				CLANG_WARN_OBJC_IMPLICIT_RETAIN_SELF = YES;
				CLANG_WARN_OBJC_LITERAL_CONVERSION = YES;
				CLANG_WARN_OBJC_ROOT_CLASS = YES_ERROR;
				CLANG_WARN_RANGE_LOOP_ANALYSIS = YES;
				CLANG_WARN_STRICT_PROTOTYPES = YES;
				CLANG_WARN_SUSPICIOUS_MOVE = YES;
				CLANG_WARN_UNGUARDED_AVAILABILITY = YES_AGGRESSIVE;
				CLANG_WARN_UNREACHABLE_CODE = YES;
				CLANG_WARN__DUPLICATE_METHOD_MATCH = YES;
				CODE_SIGN_IDENTITY = "iPhone Developer";
				COPY_PHASE_STRIP = NO;
				DEBUG_INFORMATION_FORMAT = dwarf;
				ENABLE_STRICT_OBJC_MSGSEND = YES;
				ENABLE_TESTABILITY = YES;
				GCC_C_LANGUAGE_STANDARD = gnu11;
				GCC_DYNAMIC_NO_PIC = NO;
				GCC_NO_COMMON_BLOCKS = YES;
				GCC_OPTIMIZATION_LEVEL = 0;
				GCC_PREPROCESSOR_DEFINITIONS = (
					"DEBUG=1",
					"$(inherited)",
				);
				GCC_WARN_64_TO_32_BIT_CONVERSION = YES;
				GCC_WARN_ABOUT_RETURN_TYPE = YES_ERROR;
				GCC_WARN_UNDECLARED_SELECTOR = YES;
				GCC_WARN_UNINITIALIZED_AUTOS = YES_AGGRESSIVE;
				GCC_WARN_UNUSED_FUNCTION = YES;
				GCC_WARN_UNUSED_VARIABLE = YES;
				IPHONEOS_DEPLOYMENT_TARGET = 12.4;
				MTL_ENABLE_DEBUG_INFO = INCLUDE_SOURCE;
				MTL_FAST_MATH = YES;
				ONLY_ACTIVE_ARCH = YES;
				SDKROOT = iphoneos;
				SWIFT_ACTIVE_COMPILATION_CONDITIONS = DEBUG;
				SWIFT_OPTIMIZATION_LEVEL = "-Onone";
			};
			name = Debug;
		};
		1EB80ED023012E1800D0FCB4 /* Release */ = {
			isa = XCBuildConfiguration;
			buildSettings = {
				ALWAYS_SEARCH_USER_PATHS = NO;
				CLANG_ANALYZER_NONNULL = YES;
				CLANG_ANALYZER_NUMBER_OBJECT_CONVERSION = YES_AGGRESSIVE;
				CLANG_CXX_LANGUAGE_STANDARD = "gnu++14";
				CLANG_CXX_LIBRARY = "libc++";
				CLANG_ENABLE_MODULES = YES;
				CLANG_ENABLE_OBJC_ARC = YES;
				CLANG_ENABLE_OBJC_WEAK = YES;
				CLANG_WARN_BLOCK_CAPTURE_AUTORELEASING = YES;
				CLANG_WARN_BOOL_CONVERSION = YES;
				CLANG_WARN_COMMA = YES;
				CLANG_WARN_CONSTANT_CONVERSION = YES;
				CLANG_WARN_DEPRECATED_OBJC_IMPLEMENTATIONS = YES;
				CLANG_WARN_DIRECT_OBJC_ISA_USAGE = YES_ERROR;
				CLANG_WARN_DOCUMENTATION_COMMENTS = YES;
				CLANG_WARN_EMPTY_BODY = YES;
				CLANG_WARN_ENUM_CONVERSION = YES;
				CLANG_WARN_INFINITE_RECURSION = YES;
				CLANG_WARN_INT_CONVERSION = YES;
				CLANG_WARN_NON_LITERAL_NULL_CONVERSION = YES;
				CLANG_WARN_OBJC_IMPLICIT_RETAIN_SELF = YES;
				CLANG_WARN_OBJC_LITERAL_CONVERSION = YES;
				CLANG_WARN_OBJC_ROOT_CLASS = YES_ERROR;
				CLANG_WARN_RANGE_LOOP_ANALYSIS = YES;
				CLANG_WARN_STRICT_PROTOTYPES = YES;
				CLANG_WARN_SUSPICIOUS_MOVE = YES;
				CLANG_WARN_UNGUARDED_AVAILABILITY = YES_AGGRESSIVE;
				CLANG_WARN_UNREACHABLE_CODE = YES;
				CLANG_WARN__DUPLICATE_METHOD_MATCH = YES;
				CODE_SIGN_IDENTITY = "iPhone Developer";
				COPY_PHASE_STRIP = NO;
				DEBUG_INFORMATION_FORMAT = "dwarf-with-dsym";
				ENABLE_NS_ASSERTIONS = NO;
				ENABLE_STRICT_OBJC_MSGSEND = YES;
				GCC_C_LANGUAGE_STANDARD = gnu11;
				GCC_NO_COMMON_BLOCKS = YES;
				GCC_WARN_64_TO_32_BIT_CONVERSION = YES;
				GCC_WARN_ABOUT_RETURN_TYPE = YES_ERROR;
				GCC_WARN_UNDECLARED_SELECTOR = YES;
				GCC_WARN_UNINITIALIZED_AUTOS = YES_AGGRESSIVE;
				GCC_WARN_UNUSED_FUNCTION = YES;
				GCC_WARN_UNUSED_VARIABLE = YES;
				IPHONEOS_DEPLOYMENT_TARGET = 12.4;
				MTL_ENABLE_DEBUG_INFO = NO;
				MTL_FAST_MATH = YES;
				SDKROOT = iphoneos;
				SWIFT_COMPILATION_MODE = wholemodule;
				SWIFT_OPTIMIZATION_LEVEL = "-O";
				VALIDATE_PRODUCT = YES;
			};
			name = Release;
		};
		1EB80ED223012E1800D0FCB4 /* Debug */ = {
			isa = XCBuildConfiguration;
			baseConfigurationReference = D0BE235A0DB7BBBDEDCCEC9C /* Pods-BundleApp.debug.xcconfig */;
			buildSettings = {
				ASSETCATALOG_COMPILER_APPICON_NAME = AppIcon;
				CLANG_ENABLE_MODULES = YES;
				CODE_SIGN_IDENTITY = "iPhone Developer";
				CODE_SIGN_STYLE = Manual;
				DEBUG_INFORMATION_FORMAT = "dwarf-with-dsym";
				DEVELOPMENT_TEAM = QM7SLXKDA5;
				INFOPLIST_FILE = BundleApp/Info.plist;
				IPHONEOS_DEPLOYMENT_TARGET = 12.0;
				LD_RUNPATH_SEARCH_PATHS = (
					"$(inherited)",
					"@executable_path/Frameworks",
				);
				PRODUCT_BUNDLE_IDENTIFIER = com.jft.BundleApp;
				PRODUCT_NAME = "$(TARGET_NAME)";
				PROVISIONING_PROFILE_SPECIFIER = Bundle_Development;
				SWIFT_OBJC_BRIDGING_HEADER = "BundleApp/KeyBoard/BundleApp-Bridging-Header.h";
				SWIFT_OPTIMIZATION_LEVEL = "-Onone";
				SWIFT_VERSION = 4.2;
				TARGETED_DEVICE_FAMILY = 1;
			};
			name = Debug;
		};
		1EB80ED323012E1800D0FCB4 /* Release */ = {
			isa = XCBuildConfiguration;
			baseConfigurationReference = 121761E2CB17089D10EF81AB /* Pods-BundleApp.release.xcconfig */;
			buildSettings = {
				ASSETCATALOG_COMPILER_APPICON_NAME = AppIcon;
				CLANG_ENABLE_MODULES = YES;
				CODE_SIGN_STYLE = Manual;
				DEVELOPMENT_TEAM = QM7SLXKDA5;
				INFOPLIST_FILE = BundleApp/Info.plist;
				IPHONEOS_DEPLOYMENT_TARGET = 12.0;
				LD_RUNPATH_SEARCH_PATHS = (
					"$(inherited)",
					"@executable_path/Frameworks",
				);
				PRODUCT_BUNDLE_IDENTIFIER = com.jft.BundleApp;
				PRODUCT_NAME = "$(TARGET_NAME)";
				PROVISIONING_PROFILE_SPECIFIER = Bundle_Development;
				SWIFT_OBJC_BRIDGING_HEADER = "BundleApp/KeyBoard/BundleApp-Bridging-Header.h";
				SWIFT_VERSION = 4.2;
				TARGETED_DEVICE_FAMILY = 1;
			};
			name = Release;
		};
/* End XCBuildConfiguration section */

/* Begin XCConfigurationList section */
		1EB80EBA23012E1700D0FCB4 /* Build configuration list for PBXProject "BundleApp" */ = {
			isa = XCConfigurationList;
			buildConfigurations = (
				1EB80ECF23012E1800D0FCB4 /* Debug */,
				1EB80ED023012E1800D0FCB4 /* Release */,
			);
			defaultConfigurationIsVisible = 0;
			defaultConfigurationName = Release;
		};
		1EB80ED123012E1800D0FCB4 /* Build configuration list for PBXNativeTarget "BundleApp" */ = {
			isa = XCConfigurationList;
			buildConfigurations = (
				1EB80ED223012E1800D0FCB4 /* Debug */,
				1EB80ED323012E1800D0FCB4 /* Release */,
			);
			defaultConfigurationIsVisible = 0;
			defaultConfigurationName = Release;
		};
/* End XCConfigurationList section */
	};
	rootObject = 1EB80EB723012E1700D0FCB4 /* Project object */;
}
